<?xml version="1.0" encoding="utf-8"?>
<Project ToolsVersion="4.0" xmlns="http://schemas.microsoft.com/developer/msbuild/2003">
  <ItemGroup>
    <Filter Include="Source">
      <UniqueIdentifier>{4FC737F1-C7A5-4376-A066-2A32D752A2FF}</UniqueIdentifier>
      <Extensions>cpp;c;cc;cxx;c++;cppm;ixx;def;odl;idl;hpj;bat;asm;asmx</Extensions>
    </Filter>
    <Filter Include="Include">
      <UniqueIdentifier>{93995380-89BD-4b04-88EB-625FBE52EBFB}</UniqueIdentifier>
      <Extensions>h;hh;hpp;hxx;h++;hm;inl;inc;ipp;xsd</Extensions>
    </Filter>
  </ItemGroup>
  <ItemGroup>
    <ClInclude Include="libpBat.h">
      <Filter>Include</Filter>
    </ClInclude>
    <ClInclude Include="libpBat-int.h">
      <Filter>Include</Filter>
    </ClInclude>
    <ClInclude Include="pBat_Dir.h">
      <Filter>Include</Filter>
    </ClInclude>
    <ClInclude Include="file\pBat_File.h">
      <Filter>Include</Filter>
    </ClInclude>
  </ItemGroup>
  <ItemGroup>
    <ClCompile Include="cmdlib\pBat_String.c">
      <Filter>Source</Filter>
    </ClCompile>
    <ClCompile Include="cmdlist\pBat_CmdList.c">
      <Filter>Source</Filter>
    </ClCompile>
    <ClCompile Include="console\pBat_Console.c">
      <Filter>Source</Filter>
    </ClCompile>
    <ClCompile Include="console\pBat_ConsoleANSI.c">
      <Filter>Source</Filter>
    </ClCompile>
    <ClCompile Include="console\pBat_ConsoleDummy.c">
      <Filter>Source</Filter>
    </ClCompile>
    <ClCompile Include="console\pBat_ConsoleWin.c">
      <Filter>Source</Filter>
    </ClCompile>
    <ClCompile Include="dir\pBat_Attr.c">
      <Filter>Source</Filter>
    </ClCompile>
    <ClCompile Include="dir\pBat_Dir.c">
      <Filter>Source</Filter>
    </ClCompile>
    <ClCompile Include="dir\pBat_UnicodeDir.c">
      <Filter>Source</Filter>
    </ClCompile>
    <ClCompile Include="enc\pBat_Enc.c">
      <Filter>Source</Filter>
    </ClCompile>
    <ClCompile Include="estr\pBat_Estr.c">
      <Filter>Source</Filter>
    </ClCompile>
    <ClCompile Include="file\pBat_StdFile.c">
      <Filter>Source</Filter>
    </ClCompile>
    <ClCompile Include="file\pBat_Win32File.c">
      <Filter>Source</Filter>
    </ClCompile>
    <ClCompile Include="init\pBat_Init.c">
      <Filter>Source</Filter>
    </ClCompile>
    <ClCompile Include="sleep\pBat_Sleep.c">
      <Filter>Source</Filter>
    </ClCompile>
    <ClCompile Include="stack\pBat_Stack.c">
      <Filter>Source</Filter>
    </ClCompile>
    <ClCompile Include="thread\pBat_Thread.c">
      <Filter>Source</Filter>
    </ClCompile>
  </ItemGroup>
</Project>